// !$*UTF8*$!
{
	archiveVersion = 1;
	classes = {
	};
	objectVersion = 56;
	objects = {

/* Begin PBXBuildFile section */
		D8817F3F2C3A9A9C003C337B /* ProductsFakeAPIApp.swift in Sources */ = {isa = PBXBuildFile; fileRef = D8817F3E2C3A9A9C003C337B /* ProductsFakeAPIApp.swift */; };
		D8817F412C3A9A9C003C337B /* ContentView.swift in Sources */ = {isa = PBXBuildFile; fileRef = D8817F402C3A9A9C003C337B /* ContentView.swift */; };
		D8817F432C3A9A9E003C337B /* Assets.xcassets in Resources */ = {isa = PBXBuildFile; fileRef = D8817F422C3A9A9E003C337B /* Assets.xcassets */; };
		D8817F462C3A9A9E003C337B /* Preview Assets.xcassets in Resources */ = {isa = PBXBuildFile; fileRef = D8817F452C3A9A9E003C337B /* Preview Assets.xcassets */; };
		D8817F502C3A9A9F003C337B /* ProductsFakeAPITests.swift in Sources */ = {isa = PBXBuildFile; fileRef = D8817F4F2C3A9A9F003C337B /* ProductsFakeAPITests.swift */; };
		D8817F5A2C3A9A9F003C337B /* ProductsFakeAPIUITests.swift in Sources */ = {isa = PBXBuildFile; fileRef = D8817F592C3A9A9F003C337B /* ProductsFakeAPIUITests.swift */; };
		D8817F5C2C3A9A9F003C337B /* ProductsFakeAPIUITestsLaunchTests.swift in Sources */ = {isa = PBXBuildFile; fileRef = D8817F5B2C3A9A9F003C337B /* ProductsFakeAPIUITestsLaunchTests.swift */; };
		D8817F6A2C3A9BD4003C337B /* Product.swift in Sources */ = {isa = PBXBuildFile; fileRef = D8817F692C3A9BD4003C337B /* Product.swift */; };
		D8817F6D2C3A9D19003C337B /* ProductViewModel.swift in Sources */ = {isa = PBXBuildFile; fileRef = D8817F6C2C3A9D19003C337B /* ProductViewModel.swift */; };
		D8817F702C3A9EF3003C337B /* WebServices.swift in Sources */ = {isa = PBXBuildFile; fileRef = D8817F6F2C3A9EF3003C337B /* WebServices.swift */; };
		D8817F732C3AA22E003C337B /* ProductListView.swift in Sources */ = {isa = PBXBuildFile; fileRef = D8817F722C3AA22E003C337B /* ProductListView.swift */; };
		D8817F752C3AA297003C337B /* ProductDetailView.swift in Sources */ = {isa = PBXBuildFile; fileRef = D8817F742C3AA297003C337B /* ProductDetailView.swift */; };
		D8817F772C3AA459003C337B /* CategoryView.swift in Sources */ = {isa = PBXBuildFile; fileRef = D8817F762C3AA459003C337B /* CategoryView.swift */; };
/* End PBXBuildFile section */

/* Begin PBXContainerItemProxy section */
		D8817F4C2C3A9A9F003C337B /* PBXContainerItemProxy */ = {
			isa = PBXContainerItemProxy;
			containerPortal = D8817F332C3A9A9C003C337B /* Project object */;
			proxyType = 1;
			remoteGlobalIDString = D8817F3A2C3A9A9C003C337B;
			remoteInfo = ProductsFakeAPI;
		};
		D8817F562C3A9A9F003C337B /* PBXContainerItemProxy */ = {
			isa = PBXContainerItemProxy;
			containerPortal = D8817F332C3A9A9C003C337B /* Project object */;
			proxyType = 1;
			remoteGlobalIDString = D8817F3A2C3A9A9C003C337B;
			remoteInfo = ProductsFakeAPI;
		};
/* End PBXContainerItemProxy section */

/* Begin PBXFileReference section */
		D8817F3B2C3A9A9C003C337B /* ProductsFakeAPI.app */ = {isa = PBXFileReference; explicitFileType = wrapper.application; includeInIndex = 0; path = ProductsFakeAPI.app; sourceTree = BUILT_PRODUCTS_DIR; };
		D8817F3E2C3A9A9C003C337B /* ProductsFakeAPIApp.swift */ = {isa = PBXFileReference; lastKnownFileType = sourcecode.swift; path = ProductsFakeAPIApp.swift; sourceTree = "<group>"; };
		D8817F402C3A9A9C003C337B /* ContentView.swift */ = {isa = PBXFileReference; lastKnownFileType = sourcecode.swift; path = ContentView.swift; sourceTree = "<group>"; };
		D8817F422C3A9A9E003C337B /* Assets.xcassets */ = {isa = PBXFileReference; lastKnownFileType = folder.assetcatalog; path = Assets.xcassets; sourceTree = "<group>"; };
		D8817F452C3A9A9E003C337B /* Preview Assets.xcassets */ = {isa = PBXFileReference; lastKnownFileType = folder.assetcatalog; path = "Preview Assets.xcassets"; sourceTree = "<group>"; };
		D8817F4B2C3A9A9F003C337B /* ProductsFakeAPITests.xctest */ = {isa = PBXFileReference; explicitFileType = wrapper.cfbundle; includeInIndex = 0; path = ProductsFakeAPITests.xctest; sourceTree = BUILT_PRODUCTS_DIR; };
		D8817F4F2C3A9A9F003C337B /* ProductsFakeAPITests.swift */ = {isa = PBXFileReference; lastKnownFileType = sourcecode.swift; path = ProductsFakeAPITests.swift; sourceTree = "<group>"; };
		D8817F552C3A9A9F003C337B /* ProductsFakeAPIUITests.xctest */ = {isa = PBXFileReference; explicitFileType = wrapper.cfbundle; includeInIndex = 0; path = ProductsFakeAPIUITests.xctest; sourceTree = BUILT_PRODUCTS_DIR; };
		D8817F592C3A9A9F003C337B /* ProductsFakeAPIUITests.swift */ = {isa = PBXFileReference; lastKnownFileType = sourcecode.swift; path = ProductsFakeAPIUITests.swift; sourceTree = "<group>"; };
		D8817F5B2C3A9A9F003C337B /* ProductsFakeAPIUITestsLaunchTests.swift */ = {isa = PBXFileReference; lastKnownFileType = sourcecode.swift; path = ProductsFakeAPIUITestsLaunchTests.swift; sourceTree = "<group>"; };
		D8817F692C3A9BD4003C337B /* Product.swift */ = {isa = PBXFileReference; lastKnownFileType = sourcecode.swift; path = Product.swift; sourceTree = "<group>"; };
		D8817F6C2C3A9D19003C337B /* ProductViewModel.swift */ = {isa = PBXFileReference; lastKnownFileType = sourcecode.swift; path = ProductViewModel.swift; sourceTree = "<group>"; };
		D8817F6F2C3A9EF3003C337B /* WebServices.swift */ = {isa = PBXFileReference; lastKnownFileType = sourcecode.swift; path = WebServices.swift; sourceTree = "<group>"; };
		D8817F722C3AA22E003C337B /* ProductListView.swift */ = {isa = PBXFileReference; lastKnownFileType = sourcecode.swift; path = ProductListView.swift; sourceTree = "<group>"; };
		D8817F742C3AA297003C337B /* ProductDetailView.swift */ = {isa = PBXFileReference; lastKnownFileType = sourcecode.swift; path = ProductDetailView.swift; sourceTree = "<group>"; };
		D8817F762C3AA459003C337B /* CategoryView.swift */ = {isa = PBXFileReference; lastKnownFileType = sourcecode.swift; path = CategoryView.swift; sourceTree = "<group>"; };
/* End PBXFileReference section */

/* Begin PBXFrameworksBuildPhase section */
		D8817F382C3A9A9C003C337B /* Frameworks */ = {
			isa = PBXFrameworksBuildPhase;
			buildActionMask = 2147483647;
			files = (
			);
			runOnlyForDeploymentPostprocessing = 0;
		};
		D8817F482C3A9A9F003C337B /* Frameworks */ = {
			isa = PBXFrameworksBuildPhase;
			buildActionMask = 2147483647;
			files = (
			);
			runOnlyForDeploymentPostprocessing = 0;
		};
		D8817F522C3A9A9F003C337B /* Frameworks */ = {
			isa = PBXFrameworksBuildPhase;
			buildActionMask = 2147483647;
			files = (
			);
			runOnlyForDeploymentPostprocessing = 0;
		};
/* End PBXFrameworksBuildPhase section */

/* Begin PBXGroup section */
		D8817F322C3A9A9C003C337B = {
			isa = PBXGroup;
			children = (
				D8817F3D2C3A9A9C003C337B /* ProductsFakeAPI */,
				D8817F4E2C3A9A9F003C337B /* ProductsFakeAPITests */,
				D8817F582C3A9A9F003C337B /* ProductsFakeAPIUITests */,
				D8817F3C2C3A9A9C003C337B /* Products */,
			);
			sourceTree = "<group>";
		};
		D8817F3C2C3A9A9C003C337B /* Products */ = {
			isa = PBXGroup;
			children = (
				D8817F3B2C3A9A9C003C337B /* ProductsFakeAPI.app */,
				D8817F4B2C3A9A9F003C337B /* ProductsFakeAPITests.xctest */,
				D8817F552C3A9A9F003C337B /* ProductsFakeAPIUITests.xctest */,
			);
			name = Products;
			sourceTree = "<group>";
		};
		D8817F3D2C3A9A9C003C337B /* ProductsFakeAPI */ = {
			isa = PBXGroup;
			children = (
				D8817F6E2C3A9EDF003C337B /* Services */,
				D8817F6B2C3A9CFA003C337B /* ViewModels */,
				D8817F682C3A9BB4003C337B /* Models */,
				D8817F3E2C3A9A9C003C337B /* ProductsFakeAPIApp.swift */,
				D8817F712C3AA21D003C337B /* Views */,
				D8817F422C3A9A9E003C337B /* Assets.xcassets */,
				D8817F442C3A9A9E003C337B /* Preview Content */,
			);
			path = ProductsFakeAPI;
			sourceTree = "<group>";
		};
		D8817F442C3A9A9E003C337B /* Preview Content */ = {
			isa = PBXGroup;
			children = (
				D8817F452C3A9A9E003C337B /* Preview Assets.xcassets */,
			);
			path = "Preview Content";
			sourceTree = "<group>";
		};
		D8817F4E2C3A9A9F003C337B /* ProductsFakeAPITests */ = {
			isa = PBXGroup;
			children = (
				D8817F4F2C3A9A9F003C337B /* ProductsFakeAPITests.swift */,
			);
			path = ProductsFakeAPITests;
			sourceTree = "<group>";
		};
		D8817F582C3A9A9F003C337B /* ProductsFakeAPIUITests */ = {
			isa = PBXGroup;
			children = (
				D8817F592C3A9A9F003C337B /* ProductsFakeAPIUITests.swift */,
				D8817F5B2C3A9A9F003C337B /* ProductsFakeAPIUITestsLaunchTests.swift */,
			);
			path = ProductsFakeAPIUITests;
			sourceTree = "<group>";
		};
		D8817F682C3A9BB4003C337B /* Models */ = {
			isa = PBXGroup;
			children = (
				D8817F692C3A9BD4003C337B /* Product.swift */,
			);
			path = Models;
			sourceTree = "<group>";
		};
		D8817F6B2C3A9CFA003C337B /* ViewModels */ = {
			isa = PBXGroup;
			children = (
				D8817F6C2C3A9D19003C337B /* ProductViewModel.swift */,
			);
			path = ViewModels;
			sourceTree = "<group>";
		};
		D8817F6E2C3A9EDF003C337B /* Services */ = {
			isa = PBXGroup;
			children = (
				D8817F6F2C3A9EF3003C337B /* WebServices.swift */,
			);
			path = Services;
			sourceTree = "<group>";
		};
		D8817F712C3AA21D003C337B /* Views */ = {
			isa = PBXGroup;
			children = (
				D8817F402C3A9A9C003C337B /* ContentView.swift */,
				D8817F722C3AA22E003C337B /* ProductListView.swift */,
				D8817F742C3AA297003C337B /* ProductDetailView.swift */,
				D8817F762C3AA459003C337B /* CategoryView.swift */,
			);
			path = Views;
			sourceTree = "<group>";
		};
/* End PBXGroup section */

/* Begin PBXNativeTarget section */
		D8817F3A2C3A9A9C003C337B /* ProductsFakeAPI */ = {
			isa = PBXNativeTarget;
			buildConfigurationList = D8817F5F2C3A9A9F003C337B /* Build configuration list for PBXNativeTarget "ProductsFakeAPI" */;
			buildPhases = (
				D8817F372C3A9A9C003C337B /* Sources */,
				D8817F382C3A9A9C003C337B /* Frameworks */,
				D8817F392C3A9A9C003C337B /* Resources */,
			);
			buildRules = (
			);
			dependencies = (
			);
			name = ProductsFakeAPI;
			productName = ProductsFakeAPI;
			productReference = D8817F3B2C3A9A9C003C337B /* ProductsFakeAPI.app */;
			productType = "com.apple.product-type.application";
		};
		D8817F4A2C3A9A9F003C337B /* ProductsFakeAPITests */ = {
			isa = PBXNativeTarget;
			buildConfigurationList = D8817F622C3A9A9F003C337B /* Build configuration list for PBXNativeTarget "ProductsFakeAPITests" */;
			buildPhases = (
				D8817F472C3A9A9F003C337B /* Sources */,
				D8817F482C3A9A9F003C337B /* Frameworks */,
				D8817F492C3A9A9F003C337B /* Resources */,
			);
			buildRules = (
			);
			dependencies = (
				D8817F4D2C3A9A9F003C337B /* PBXTargetDependency */,
			);
			name = ProductsFakeAPITests;
			productName = ProductsFakeAPITests;
			productReference = D8817F4B2C3A9A9F003C337B /* ProductsFakeAPITests.xctest */;
			productType = "com.apple.product-type.bundle.unit-test";
		};
		D8817F542C3A9A9F003C337B /* ProductsFakeAPIUITests */ = {
			isa = PBXNativeTarget;
			buildConfigurationList = D8817F652C3A9A9F003C337B /* Build configuration list for PBXNativeTarget "ProductsFakeAPIUITests" */;
			buildPhases = (
				D8817F512C3A9A9F003C337B /* Sources */,
				D8817F522C3A9A9F003C337B /* Frameworks */,
				D8817F532C3A9A9F003C337B /* Resources */,
			);
			buildRules = (
			);
			dependencies = (
				D8817F572C3A9A9F003C337B /* PBXTargetDependency */,
			);
			name = ProductsFakeAPIUITests;
			productName = ProductsFakeAPIUITests;
			productReference = D8817F552C3A9A9F003C337B /* ProductsFakeAPIUITests.xctest */;
			productType = "com.apple.product-type.bundle.ui-testing";
		};
/* End PBXNativeTarget section */

/* Begin PBXProject section */
		D8817F332C3A9A9C003C337B /* Project object */ = {
			isa = PBXProject;
			attributes = {
				BuildIndependentTargetsInParallel = 1;
				LastSwiftUpdateCheck = 1540;
				LastUpgradeCheck = 1540;
				TargetAttributes = {
					D8817F3A2C3A9A9C003C337B = {
						CreatedOnToolsVersion = 15.4;
					};
					D8817F4A2C3A9A9F003C337B = {
						CreatedOnToolsVersion = 15.4;
						TestTargetID = D8817F3A2C3A9A9C003C337B;
					};
					D8817F542C3A9A9F003C337B = {
						CreatedOnToolsVersion = 15.4;
						TestTargetID = D8817F3A2C3A9A9C003C337B;
					};
				};
			};
			buildConfigurationList = D8817F362C3A9A9C003C337B /* Build configuration list for PBXProject "ProductsFakeAPI" */;
			compatibilityVersion = "Xcode 14.0";
			developmentRegion = en;
			hasScannedForEncodings = 0;
			knownRegions = (
				en,
				Base,
			);
			mainGroup = D8817F322C3A9A9C003C337B;
			productRefGroup = D8817F3C2C3A9A9C003C337B /* Products */;
			projectDirPath = "";
			projectRoot = "";
			targets = (
				D8817F3A2C3A9A9C003C337B /* ProductsFakeAPI */,
				D8817F4A2C3A9A9F003C337B /* ProductsFakeAPITests */,
				D8817F542C3A9A9F003C337B /* ProductsFakeAPIUITests */,
			);
		};
/* End PBXProject section */

/* Begin PBXResourcesBuildPhase section */
		D8817F392C3A9A9C003C337B /* Resources */ = {
			isa = PBXResourcesBuildPhase;
			buildActionMask = 2147483647;
			files = (
				D8817F462C3A9A9E003C337B /* Preview Assets.xcassets in Resources */,
				D8817F432C3A9A9E003C337B /* Assets.xcassets in Resources */,
			);
			runOnlyForDeploymentPostprocessing = 0;
		};
		D8817F492C3A9A9F003C337B /* Resources */ = {
			isa = PBXResourcesBuildPhase;
			buildActionMask = 2147483647;
			files = (
			);
			runOnlyForDeploymentPostprocessing = 0;
		};
		D8817F532C3A9A9F003C337B /* Resources */ = {
			isa = PBXResourcesBuildPhase;
			buildActionMask = 2147483647;
			files = (
			);
			runOnlyForDeploymentPostprocessing = 0;
		};
/* End PBXResourcesBuildPhase section */

/* Begin PBXSourcesBuildPhase section */
		D8817F372C3A9A9C003C337B /* Sources */ = {
			isa = PBXSourcesBuildPhase;
			buildActionMask = 2147483647;
			files = (
				D8817F732C3AA22E003C337B /* ProductListView.swift in Sources */,
				D8817F752C3AA297003C337B /* ProductDetailView.swift in Sources */,
				D8817F412C3A9A9C003C337B /* ContentView.swift in Sources */,
				D8817F702C3A9EF3003C337B /* WebServices.swift in Sources */,
				D8817F3F2C3A9A9C003C337B /* ProductsFakeAPIApp.swift in Sources */,
				D8817F6D2C3A9D19003C337B /* ProductViewModel.swift in Sources */,
				D8817F772C3AA459003C337B /* CategoryView.swift in Sources */,
				D8817F6A2C3A9BD4003C337B /* Product.swift in Sources */,
			);
			runOnlyForDeploymentPostprocessing = 0;
		};
		D8817F472C3A9A9F003C337B /* Sources */ = {
			isa = PBXSourcesBuildPhase;
			buildActionMask = 2147483647;
			files = (
				D8817F502C3A9A9F003C337B /* ProductsFakeAPITests.swift in Sources */,
			);
			runOnlyForDeploymentPostprocessing = 0;
		};
		D8817F512C3A9A9F003C337B /* Sources */ = {
			isa = PBXSourcesBuildPhase;
			buildActionMask = 2147483647;
			files = (
				D8817F5C2C3A9A9F003C337B /* ProductsFakeAPIUITestsLaunchTests.swift in Sources */,
				D8817F5A2C3A9A9F003C337B /* ProductsFakeAPIUITests.swift in Sources */,
			);
			runOnlyForDeploymentPostprocessing = 0;
		};
/* End PBXSourcesBuildPhase section */

/* Begin PBXTargetDependency section */
		D8817F4D2C3A9A9F003C337B /* PBXTargetDependency */ = {
			isa = PBXTargetDependency;
			target = D8817F3A2C3A9A9C003C337B /* ProductsFakeAPI */;
			targetProxy = D8817F4C2C3A9A9F003C337B /* PBXContainerItemProxy */;
		};
		D8817F572C3A9A9F003C337B /* PBXTargetDependency */ = {
			isa = PBXTargetDependency;
			target = D8817F3A2C3A9A9C003C337B /* ProductsFakeAPI */;
			targetProxy = D8817F562C3A9A9F003C337B /* PBXContainerItemProxy */;
		};
/* End PBXTargetDependency section */

/* Begin XCBuildConfiguration section */
		D8817F5D2C3A9A9F003C337B /* Debug */ = {
			isa = XCBuildConfiguration;
			buildSettings = {
				ALWAYS_SEARCH_USER_PATHS = NO;
				ASSETCATALOG_COMPILER_GENERATE_SWIFT_ASSET_SYMBOL_EXTENSIONS = YES;
				CLANG_ANALYZER_NONNULL = YES;
				CLANG_ANALYZER_NUMBER_OBJECT_CONVERSION = YES_AGGRESSIVE;
				CLANG_CXX_LANGUAGE_STANDARD = "gnu++20";
				CLANG_ENABLE_MODULES = YES;
				CLANG_ENABLE_OBJC_ARC = YES;
				CLANG_ENABLE_OBJC_WEAK = YES;
				CLANG_WARN_BLOCK_CAPTURE_AUTORELEASING = YES;
				CLANG_WARN_BOOL_CONVERSION = YES;
				CLANG_WARN_COMMA = YES;
				CLANG_WARN_CONSTANT_CONVERSION = YES;
				CLANG_WARN_DEPRECATED_OBJC_IMPLEMENTATIONS = YES;
				CLANG_WARN_DIRECT_OBJC_ISA_USAGE = YES_ERROR;
				CLANG_WARN_DOCUMENTATION_COMMENTS = YES;
				CLANG_WARN_EMPTY_BODY = YES;
				CLANG_WARN_ENUM_CONVERSION = YES;
				CLANG_WARN_INFINITE_RECURSION = YES;
				CLANG_WARN_INT_CONVERSION = YES;
				CLANG_WARN_NON_LITERAL_NULL_CONVERSION = YES;
				CLANG_WARN_OBJC_IMPLICIT_RETAIN_SELF = YES;
				CLANG_WARN_OBJC_LITERAL_CONVERSION = YES;
				CLANG_WARN_OBJC_ROOT_CLASS = YES_ERROR;
				CLANG_WARN_QUOTED_INCLUDE_IN_FRAMEWORK_HEADER = YES;
				CLANG_WARN_RANGE_LOOP_ANALYSIS = YES;
				CLANG_WARN_STRICT_PROTOTYPES = YES;
				CLANG_WARN_SUSPICIOUS_MOVE = YES;
				CLANG_WARN_UNGUARDED_AVAILABILITY = YES_AGGRESSIVE;
				CLANG_WARN_UNREACHABLE_CODE = YES;
				CLANG_WARN__DUPLICATE_METHOD_MATCH = YES;
				COPY_PHASE_STRIP = NO;
				DEBUG_INFORMATION_FORMAT = dwarf;
				ENABLE_STRICT_OBJC_MSGSEND = YES;
				ENABLE_TESTABILITY = YES;
				ENABLE_USER_SCRIPT_SANDBOXING = YES;
				GCC_C_LANGUAGE_STANDARD = gnu17;
				GCC_DYNAMIC_NO_PIC = NO;
				GCC_NO_COMMON_BLOCKS = YES;
				GCC_OPTIMIZATION_LEVEL = 0;
				GCC_PREPROCESSOR_DEFINITIONS = (
					"DEBUG=1",
					"$(inherited)",
				);
				GCC_WARN_64_TO_32_BIT_CONVERSION = YES;
				GCC_WARN_ABOUT_RETURN_TYPE = YES_ERROR;
				GCC_WARN_UNDECLARED_SELECTOR = YES;
				GCC_WARN_UNINITIALIZED_AUTOS = YES_AGGRESSIVE;
				GCC_WARN_UNUSED_FUNCTION = YES;
				GCC_WARN_UNUSED_VARIABLE = YES;
				IPHONEOS_DEPLOYMENT_TARGET = 17.5;
				LOCALIZATION_PREFERS_STRING_CATALOGS = YES;
				MTL_ENABLE_DEBUG_INFO = INCLUDE_SOURCE;
				MTL_FAST_MATH = YES;
				ONLY_ACTIVE_ARCH = YES;
				SDKROOT = iphoneos;
				SWIFT_ACTIVE_COMPILATION_CONDITIONS = "DEBUG $(inherited)";
				SWIFT_OPTIMIZATION_LEVEL = "-Onone";
			};
			name = Debug;
		};
		D8817F5E2C3A9A9F003C337B /* Release */ = {
			isa = XCBuildConfiguration;
			buildSettings = {
				ALWAYS_SEARCH_USER_PATHS = NO;
				ASSETCATALOG_COMPILER_GENERATE_SWIFT_ASSET_SYMBOL_EXTENSIONS = YES;
				CLANG_ANALYZER_NONNULL = YES;
				CLANG_ANALYZER_NUMBER_OBJECT_CONVERSION = YES_AGGRESSIVE;
				CLANG_CXX_LANGUAGE_STANDARD = "gnu++20";
				CLANG_ENABLE_MODULES = YES;
				CLANG_ENABLE_OBJC_ARC = YES;
				CLANG_ENABLE_OBJC_WEAK = YES;
				CLANG_WARN_BLOCK_CAPTURE_AUTORELEASING = YES;
				CLANG_WARN_BOOL_CONVERSION = YES;
				CLANG_WARN_COMMA = YES;
				CLANG_WARN_CONSTANT_CONVERSION = YES;
				CLANG_WARN_DEPRECATED_OBJC_IMPLEMENTATIONS = YES;
				CLANG_WARN_DIRECT_OBJC_ISA_USAGE = YES_ERROR;
				CLANG_WARN_DOCUMENTATION_COMMENTS = YES;
				CLANG_WARN_EMPTY_BODY = YES;
				CLANG_WARN_ENUM_CONVERSION = YES;
				CLANG_WARN_INFINITE_RECURSION = YES;
				CLANG_WARN_INT_CONVERSION = YES;
				CLANG_WARN_NON_LITERAL_NULL_CONVERSION = YES;
				CLANG_WARN_OBJC_IMPLICIT_RETAIN_SELF = YES;
				CLANG_WARN_OBJC_LITERAL_CONVERSION = YES;
				CLANG_WARN_OBJC_ROOT_CLASS = YES_ERROR;
				CLANG_WARN_QUOTED_INCLUDE_IN_FRAMEWORK_HEADER = YES;
				CLANG_WARN_RANGE_LOOP_ANALYSIS = YES;
				CLANG_WARN_STRICT_PROTOTYPES = YES;
				CLANG_WARN_SUSPICIOUS_MOVE = YES;
				CLANG_WARN_UNGUARDED_AVAILABILITY = YES_AGGRESSIVE;
				CLANG_WARN_UNREACHABLE_CODE = YES;
				CLANG_WARN__DUPLICATE_METHOD_MATCH = YES;
				COPY_PHASE_STRIP = NO;
				DEBUG_INFORMATION_FORMAT = "dwarf-with-dsym";
				ENABLE_NS_ASSERTIONS = NO;
				ENABLE_STRICT_OBJC_MSGSEND = YES;
				ENABLE_USER_SCRIPT_SANDBOXING = YES;
				GCC_C_LANGUAGE_STANDARD = gnu17;
				GCC_NO_COMMON_BLOCKS = YES;
				GCC_WARN_64_TO_32_BIT_CONVERSION = YES;
				GCC_WARN_ABOUT_RETURN_TYPE = YES_ERROR;
				GCC_WARN_UNDECLARED_SELECTOR = YES;
				GCC_WARN_UNINITIALIZED_AUTOS = YES_AGGRESSIVE;
				GCC_WARN_UNUSED_FUNCTION = YES;
				GCC_WARN_UNUSED_VARIABLE = YES;
				IPHONEOS_DEPLOYMENT_TARGET = 17.5;
				LOCALIZATION_PREFERS_STRING_CATALOGS = YES;
				MTL_ENABLE_DEBUG_INFO = NO;
				MTL_FAST_MATH = YES;
				SDKROOT = iphoneos;
				SWIFT_COMPILATION_MODE = wholemodule;
				VALIDATE_PRODUCT = YES;
			};
			name = Release;
		};
		D8817F602C3A9A9F003C337B /* Debug */ = {
			isa = XCBuildConfiguration;
			buildSettings = {
				ASSETCATALOG_COMPILER_APPICON_NAME = AppIcon;
				ASSETCATALOG_COMPILER_GLOBAL_ACCENT_COLOR_NAME = AccentColor;
				CODE_SIGN_STYLE = Automatic;
				CURRENT_PROJECT_VERSION = 1;
				DEVELOPMENT_ASSET_PATHS = "\"ProductsFakeAPI/Preview Content\"";
				ENABLE_PREVIEWS = YES;
				GENERATE_INFOPLIST_FILE = YES;
				INFOPLIST_KEY_UIApplicationSceneManifest_Generation = YES;
				INFOPLIST_KEY_UIApplicationSupportsIndirectInputEvents = YES;
				INFOPLIST_KEY_UILaunchScreen_Generation = YES;
				INFOPLIST_KEY_UISupportedInterfaceOrientations_iPad = "UIInterfaceOrientationPortrait UIInterfaceOrientationPortraitUpsideDown UIInterfaceOrientationLandscapeLeft UIInterfaceOrientationLandscapeRight";
				INFOPLIST_KEY_UISupportedInterfaceOrientations_iPhone = "UIInterfaceOrientationPortrait UIInterfaceOrientationLandscapeLeft UIInterfaceOrientationLandscapeRight";
				LD_RUNPATH_SEARCH_PATHS = (
					"$(inherited)",
					"@executable_path/Frameworks",
				);
				MARKETING_VERSION = 1.0;
				PRODUCT_BUNDLE_IDENTIFIER = com.PQL.ProductsFakeAPI;
				PRODUCT_NAME = "$(TARGET_NAME)";
				SWIFT_EMIT_LOC_STRINGS = YES;
				SWIFT_VERSION = 5.0;
				TARGETED_DEVICE_FAMILY = "1,2";
			};
			name = Debug;
		};
		D8817F612C3A9A9F003C337B /* Release */ = {
			isa = XCBuildConfiguration;
			buildSettings = {
				ASSETCATALOG_COMPILER_APPICON_NAME = AppIcon;
				ASSETCATALOG_COMPILER_GLOBAL_ACCENT_COLOR_NAME = AccentColor;
				CODE_SIGN_STYLE = Automatic;
				CURRENT_PROJECT_VERSION = 1;
				DEVELOPMENT_ASSET_PATHS = "\"ProductsFakeAPI/Preview Content\"";
				ENABLE_PREVIEWS = YES;
				GENERATE_INFOPLIST_FILE = YES;
				INFOPLIST_KEY_UIApplicationSceneManifest_Generation = YES;
				INFOPLIST_KEY_UIApplicationSupportsIndirectInputEvents = YES;
				INFOPLIST_KEY_UILaunchScreen_Generation = YES;
				INFOPLIST_KEY_UISupportedInterfaceOrientations_iPad = "UIInterfaceOrientationPortrait UIInterfaceOrientationPortraitUpsideDown UIInterfaceOrientationLandscapeLeft UIInterfaceOrientationLandscapeRight";
				INFOPLIST_KEY_UISupportedInterfaceOrientations_iPhone = "UIInterfaceOrientationPortrait UIInterfaceOrientationLandscapeLeft UIInterfaceOrientationLandscapeRight";
				LD_RUNPATH_SEARCH_PATHS = (
					"$(inherited)",
					"@executable_path/Frameworks",
				);
				MARKETING_VERSION = 1.0;
				PRODUCT_BUNDLE_IDENTIFIER = com.PQL.ProductsFakeAPI;
				PRODUCT_NAME = "$(TARGET_NAME)";
				SWIFT_EMIT_LOC_STRINGS = YES;
				SWIFT_VERSION = 5.0;
				TARGETED_DEVICE_FAMILY = "1,2";
			};
			name = Release;
		};
		D8817F632C3A9A9F003C337B /* Debug */ = {
			isa = XCBuildConfiguration;
			buildSettings = {
				ALWAYS_EMBED_SWIFT_STANDARD_LIBRARIES = YES;
				BUNDLE_LOADER = "$(TEST_HOST)";
				CODE_SIGN_STYLE = Automatic;
				CURRENT_PROJECT_VERSION = 1;
				GENERATE_INFOPLIST_FILE = YES;
				IPHONEOS_DEPLOYMENT_TARGET = 17.5;
				MARKETING_VERSION = 1.0;
				PRODUCT_BUNDLE_IDENTIFIER = com.PQL.ProductsFakeAPITests;
				PRODUCT_NAME = "$(TARGET_NAME)";
				SWIFT_EMIT_LOC_STRINGS = NO;
				SWIFT_VERSION = 5.0;
				TARGETED_DEVICE_FAMILY = "1,2";
				TEST_HOST = "$(BUILT_PRODUCTS_DIR)/ProductsFakeAPI.app/$(BUNDLE_EXECUTABLE_FOLDER_PATH)/ProductsFakeAPI";
			};
			name = Debug;
		};
		D8817F642C3A9A9F003C337B /* Release */ = {
			isa = XCBuildConfiguration;
			buildSettings = {
				ALWAYS_EMBED_SWIFT_STANDARD_LIBRARIES = YES;
				BUNDLE_LOADER = "$(TEST_HOST)";
				CODE_SIGN_STYLE = Automatic;
				CURRENT_PROJECT_VERSION = 1;
				GENERATE_INFOPLIST_FILE = YES;
				IPHONEOS_DEPLOYMENT_TARGET = 17.5;
				MARKETING_VERSION = 1.0;
				PRODUCT_BUNDLE_IDENTIFIER = com.PQL.ProductsFakeAPITests;
				PRODUCT_NAME = "$(TARGET_NAME)";
				SWIFT_EMIT_LOC_STRINGS = NO;
				SWIFT_VERSION = 5.0;
				TARGETED_DEVICE_FAMILY = "1,2";
				TEST_HOST = "$(BUILT_PRODUCTS_DIR)/ProductsFakeAPI.app/$(BUNDLE_EXECUTABLE_FOLDER_PATH)/ProductsFakeAPI";
			};
			name = Release;
		};
		D8817F662C3A9A9F003C337B /* Debug */ = {
			isa = XCBuildConfiguration;
			buildSettings = {
				ALWAYS_EMBED_SWIFT_STANDARD_LIBRARIES = YES;
				CODE_SIGN_STYLE = Automatic;
				CURRENT_PROJECT_VERSION = 1;
				GENERATE_INFOPLIST_FILE = YES;
				MARKETING_VERSION = 1.0;
				PRODUCT_BUNDLE_IDENTIFIER = com.PQL.ProductsFakeAPIUITests;
				PRODUCT_NAME = "$(TARGET_NAME)";
				SWIFT_EMIT_LOC_STRINGS = NO;
				SWIFT_VERSION = 5.0;
				TARGETED_DEVICE_FAMILY = "1,2";
				TEST_TARGET_NAME = ProductsFakeAPI;
			};
			name = Debug;
		};
		D8817F672C3A9A9F003C337B /* Release */ = {
			isa = XCBuildConfiguration;
			buildSettings = {
				ALWAYS_EMBED_SWIFT_STANDARD_LIBRARIES = YES;
				CODE_SIGN_STYLE = Automatic;
				CURRENT_PROJECT_VERSION = 1;
				GENERATE_INFOPLIST_FILE = YES;
				MARKETING_VERSION = 1.0;
				PRODUCT_BUNDLE_IDENTIFIER = com.PQL.ProductsFakeAPIUITests;
				PRODUCT_NAME = "$(TARGET_NAME)";
				SWIFT_EMIT_LOC_STRINGS = NO;
				SWIFT_VERSION = 5.0;
				TARGETED_DEVICE_FAMILY = "1,2";
				TEST_TARGET_NAME = ProductsFakeAPI;
			};
			name = Release;
		};
/* End XCBuildConfiguration section */

/* Begin XCConfigurationList section */
		D8817F362C3A9A9C003C337B /* Build configuration list for PBXProject "ProductsFakeAPI" */ = {
			isa = XCConfigurationList;
			buildConfigurations = (
				D8817F5D2C3A9A9F003C337B /* Debug */,
				D8817F5E2C3A9A9F003C337B /* Release */,
			);
			defaultConfigurationIsVisible = 0;
			defaultConfigurationName = Release;
		};
		D8817F5F2C3A9A9F003C337B /* Build configuration list for PBXNativeTarget "ProductsFakeAPI" */ = {
			isa = XCConfigurationList;
			buildConfigurations = (
				D8817F602C3A9A9F003C337B /* Debug */,
				D8817F612C3A9A9F003C337B /* Release */,
			);
			defaultConfigurationIsVisible = 0;
			defaultConfigurationName = Release;
		};
		D8817F622C3A9A9F003C337B /* Build configuration list for PBXNativeTarget "ProductsFakeAPITests" */ = {
			isa = XCConfigurationList;
			buildConfigurations = (
				D8817F632C3A9A9F003C337B /* Debug */,
				D8817F642C3A9A9F003C337B /* Release */,
			);
			defaultConfigurationIsVisible = 0;
			defaultConfigurationName = Release;
		};
		D8817F652C3A9A9F003C337B /* Build configuration list for PBXNativeTarget "ProductsFakeAPIUITests" */ = {
			isa = XCConfigurationList;
			buildConfigurations = (
				D8817F662C3A9A9F003C337B /* Debug */,
				D8817F672C3A9A9F003C337B /* Release */,
			);
			defaultConfigurationIsVisible = 0;
			defaultConfigurationName = Release;
		};
/* End XCConfigurationList section */
	};
	rootObject = D8817F332C3A9A9C003C337B /* Project object */;
}
